{
  "name": "node-learning",
  "version": "1.0.0",
  "lockfileVersion": 1,
  "requires": true,
  "dependencies": {
    "highlight.js": {
      "version": "9.12.0",
      "resolved": "https://registry.npmjs.org/highlight.js/-/highlight.js-9.12.0.tgz",
      "integrity": "sha1-5tnb5Xy+/mB1HwKvM2GVhwyQwB4="
    },
    "miracle-math-test": {
      "version": "1.0.0",
      "resolved": "https://registry.npmjs.org/miracle-math-test/-/miracle-math-test-1.0.0.tgz",
      "integrity": "sha512-IxHdZFodHlJUkKTEp0wveLbWa9Wdo2HpSwUIvj/tRqsBZlYXPVRbrt8LtCavpGd/JJP8btEj48Bh8zJSnz+rAQ=="
    }
  }
}
